// !$*UTF8*$!
{
	archiveVersion = 1;
	classes = {
	};
	objectVersion = 46;
	objects = {

/* Begin PBXBuildFile section */
		B65CDBF61D24BD44003D0AFA /* GCDAsyncSocket.m in Sources */ = {isa = PBXBuildFile; fileRef = B65CDBED1D24BD44003D0AFA /* GCDAsyncSocket.m */; };
		B65CDBF71D24BD44003D0AFA /* GCDAsyncUdpSocket.m in Sources */ = {isa = PBXBuildFile; fileRef = B65CDBEF1D24BD44003D0AFA /* GCDAsyncUdpSocket.m */; };
		B65CDBF81D24BD44003D0AFA /* AsyncSocket.m in Sources */ = {isa = PBXBuildFile; fileRef = B65CDBF21D24BD44003D0AFA /* AsyncSocket.m */; };
		B65CDBF91D24BD44003D0AFA /* AsyncUdpSocket.m in Sources */ = {isa = PBXBuildFile; fileRef = B65CDBF41D24BD44003D0AFA /* AsyncUdpSocket.m */; };
		B65CDBFA1D24BD44003D0AFA /* Documentation.html in Resources */ = {isa = PBXBuildFile; fileRef = B65CDBF51D24BD44003D0AFA /* Documentation.html */; };
		B65CDC201D24BF0C003D0AFA /* AFHTTPSessionManager.m in Sources */ = {isa = PBXBuildFile; fileRef = B65CDBFE1D24BF0C003D0AFA /* AFHTTPSessionManager.m */; };
		B65CDC211D24BF0C003D0AFA /* AFNetworkReachabilityManager.m in Sources */ = {isa = PBXBuildFile; fileRef = B65CDC011D24BF0C003D0AFA /* AFNetworkReachabilityManager.m */; };
		B65CDC221D24BF0C003D0AFA /* AFSecurityPolicy.m in Sources */ = {isa = PBXBuildFile; fileRef = B65CDC031D24BF0C003D0AFA /* AFSecurityPolicy.m */; };
		B65CDC231D24BF0C003D0AFA /* AFURLRequestSerialization.m in Sources */ = {isa = PBXBuildFile; fileRef = B65CDC051D24BF0C003D0AFA /* AFURLRequestSerialization.m */; };
		B65CDC241D24BF0C003D0AFA /* AFURLResponseSerialization.m in Sources */ = {isa = PBXBuildFile; fileRef = B65CDC071D24BF0C003D0AFA /* AFURLResponseSerialization.m */; };
		B65CDC251D24BF0C003D0AFA /* AFURLSessionManager.m in Sources */ = {isa = PBXBuildFile; fileRef = B65CDC091D24BF0C003D0AFA /* AFURLSessionManager.m */; };
		B65CDC261D24BF0C003D0AFA /* AFAutoPurgingImageCache.m in Sources */ = {isa = PBXBuildFile; fileRef = B65CDC0D1D24BF0C003D0AFA /* AFAutoPurgingImageCache.m */; };
		B65CDC271D24BF0C003D0AFA /* AFImageDownloader.m in Sources */ = {isa = PBXBuildFile; fileRef = B65CDC0F1D24BF0C003D0AFA /* AFImageDownloader.m */; };
		B65CDC281D24BF0C003D0AFA /* AFNetworkActivityIndicatorManager.m in Sources */ = {isa = PBXBuildFile; fileRef = B65CDC111D24BF0C003D0AFA /* AFNetworkActivityIndicatorManager.m */; };
		B65CDC291D24BF0C003D0AFA /* UIActivityIndicatorView+AFNetworking.m in Sources */ = {isa = PBXBuildFile; fileRef = B65CDC131D24BF0C003D0AFA /* UIActivityIndicatorView+AFNetworking.m */; };
		B65CDC2A1D24BF0C003D0AFA /* UIButton+AFNetworking.m in Sources */ = {isa = PBXBuildFile; fileRef = B65CDC151D24BF0C003D0AFA /* UIButton+AFNetworking.m */; };
		B65CDC2B1D24BF0C003D0AFA /* UIImageView+AFNetworking.m in Sources */ = {isa = PBXBuildFile; fileRef = B65CDC181D24BF0C003D0AFA /* UIImageView+AFNetworking.m */; };
		B65CDC2C1D24BF0C003D0AFA /* UIProgressView+AFNetworking.m in Sources */ = {isa = PBXBuildFile; fileRef = B65CDC1B1D24BF0C003D0AFA /* UIProgressView+AFNetworking.m */; };
		B65CDC2D1D24BF0C003D0AFA /* UIRefreshControl+AFNetworking.m in Sources */ = {isa = PBXBuildFile; fileRef = B65CDC1D1D24BF0C003D0AFA /* UIRefreshControl+AFNetworking.m */; };
		B65CDC2E1D24BF0C003D0AFA /* UIWebView+AFNetworking.m in Sources */ = {isa = PBXBuildFile; fileRef = B65CDC1F1D24BF0C003D0AFA /* UIWebView+AFNetworking.m */; };
		B65CDC321D24C0C8003D0AFA /* NetWorkService.m in Sources */ = {isa = PBXBuildFile; fileRef = B65CDC311D24C0C8003D0AFA /* NetWorkService.m */; };
		B6C8FE491D23C52700A88622 /* main.m in Sources */ = {isa = PBXBuildFile; fileRef = B6C8FE481D23C52700A88622 /* main.m */; };
		B6C8FE4C1D23C52700A88622 /* AppDelegate.m in Sources */ = {isa = PBXBuildFile; fileRef = B6C8FE4B1D23C52700A88622 /* AppDelegate.m */; };
		B6C8FE4F1D23C52700A88622 /* ViewController.m in Sources */ = {isa = PBXBuildFile; fileRef = B6C8FE4E1D23C52700A88622 /* ViewController.m */; };
		B6C8FE521D23C52700A88622 /* Main.storyboard in Resources */ = {isa = PBXBuildFile; fileRef = B6C8FE501D23C52700A88622 /* Main.storyboard */; };
		B6C8FE541D23C52700A88622 /* Assets.xcassets in Resources */ = {isa = PBXBuildFile; fileRef = B6C8FE531D23C52700A88622 /* Assets.xcassets */; };
		B6C8FE571D23C52700A88622 /* LaunchScreen.storyboard in Resources */ = {isa = PBXBuildFile; fileRef = B6C8FE551D23C52700A88622 /* LaunchScreen.storyboard */; };
		B6C8FE621D23C52700A88622 /* NetExtWorkerTests.m in Sources */ = {isa = PBXBuildFile; fileRef = B6C8FE611D23C52700A88622 /* NetExtWorkerTests.m */; };
		B6C8FE6D1D23C52700A88622 /* NetExtWorkerUITests.m in Sources */ = {isa = PBXBuildFile; fileRef = B6C8FE6C1D23C52700A88622 /* NetExtWorkerUITests.m */; };
/* End PBXBuildFile section */

/* Begin PBXContainerItemProxy section */
		B6C8FE5E1D23C52700A88622 /* PBXContainerItemProxy */ = {
			isa = PBXContainerItemProxy;
			containerPortal = B6C8FE3C1D23C52700A88622 /* Project object */;
			proxyType = 1;
			remoteGlobalIDString = B6C8FE431D23C52700A88622;
			remoteInfo = NetExtWorker;
		};
		B6C8FE691D23C52700A88622 /* PBXContainerItemProxy */ = {
			isa = PBXContainerItemProxy;
			containerPortal = B6C8FE3C1D23C52700A88622 /* Project object */;
			proxyType = 1;
			remoteGlobalIDString = B6C8FE431D23C52700A88622;
			remoteInfo = NetExtWorker;
		};
/* End PBXContainerItemProxy section */

/* Begin PBXFileReference section */
		B65CDBEA1D24BD44003D0AFA /* CocoaAsyncSocket.h */ = {isa = PBXFileReference; fileEncoding = 4; lastKnownFileType = sourcecode.c.h; path = CocoaAsyncSocket.h; sourceTree = "<group>"; };
		B65CDBEC1D24BD44003D0AFA /* GCDAsyncSocket.h */ = {isa = PBXFileReference; fileEncoding = 4; lastKnownFileType = sourcecode.c.h; path = GCDAsyncSocket.h; sourceTree = "<group>"; };
		B65CDBED1D24BD44003D0AFA /* GCDAsyncSocket.m */ = {isa = PBXFileReference; fileEncoding = 4; lastKnownFileType = sourcecode.c.objc; path = GCDAsyncSocket.m; sourceTree = "<group>"; };
		B65CDBEE1D24BD44003D0AFA /* GCDAsyncUdpSocket.h */ = {isa = PBXFileReference; fileEncoding = 4; lastKnownFileType = sourcecode.c.h; path = GCDAsyncUdpSocket.h; sourceTree = "<group>"; };
		B65CDBEF1D24BD44003D0AFA /* GCDAsyncUdpSocket.m */ = {isa = PBXFileReference; fileEncoding = 4; lastKnownFileType = sourcecode.c.objc; path = GCDAsyncUdpSocket.m; sourceTree = "<group>"; };
		B65CDBF11D24BD44003D0AFA /* AsyncSocket.h */ = {isa = PBXFileReference; fileEncoding = 4; lastKnownFileType = sourcecode.c.h; path = AsyncSocket.h; sourceTree = "<group>"; };
		B65CDBF21D24BD44003D0AFA /* AsyncSocket.m */ = {isa = PBXFileReference; fileEncoding = 4; lastKnownFileType = sourcecode.c.objc; path = AsyncSocket.m; sourceTree = "<group>"; };
		B65CDBF31D24BD44003D0AFA /* AsyncUdpSocket.h */ = {isa = PBXFileReference; fileEncoding = 4; lastKnownFileType = sourcecode.c.h; path = AsyncUdpSocket.h; sourceTree = "<group>"; };
		B65CDBF41D24BD44003D0AFA /* AsyncUdpSocket.m */ = {isa = PBXFileReference; fileEncoding = 4; lastKnownFileType = sourcecode.c.objc; path = AsyncUdpSocket.m; sourceTree = "<group>"; };
		B65CDBF51D24BD44003D0AFA /* Documentation.html */ = {isa = PBXFileReference; fileEncoding = 4; lastKnownFileType = text.html; path = Documentation.html; sourceTree = "<group>"; };
		B65CDBFD1D24BF0C003D0AFA /* AFHTTPSessionManager.h */ = {isa = PBXFileReference; fileEncoding = 4; lastKnownFileType = sourcecode.c.h; path = AFHTTPSessionManager.h; sourceTree = "<group>"; };
		B65CDBFE1D24BF0C003D0AFA /* AFHTTPSessionManager.m */ = {isa = PBXFileReference; fileEncoding = 4; lastKnownFileType = sourcecode.c.objc; path = AFHTTPSessionManager.m; sourceTree = "<group>"; };
		B65CDBFF1D24BF0C003D0AFA /* AFNetworking.h */ = {isa = PBXFileReference; fileEncoding = 4; lastKnownFileType = sourcecode.c.h; path = AFNetworking.h; sourceTree = "<group>"; };
		B65CDC001D24BF0C003D0AFA /* AFNetworkReachabilityManager.h */ = {isa = PBXFileReference; fileEncoding = 4; lastKnownFileType = sourcecode.c.h; path = AFNetworkReachabilityManager.h; sourceTree = "<group>"; };
		B65CDC011D24BF0C003D0AFA /* AFNetworkReachabilityManager.m */ = {isa = PBXFileReference; fileEncoding = 4; lastKnownFileType = sourcecode.c.objc; path = AFNetworkReachabilityManager.m; sourceTree = "<group>"; };
		B65CDC021D24BF0C003D0AFA /* AFSecurityPolicy.h */ = {isa = PBXFileReference; fileEncoding = 4; lastKnownFileType = sourcecode.c.h; path = AFSecurityPolicy.h; sourceTree = "<group>"; };
		B65CDC031D24BF0C003D0AFA /* AFSecurityPolicy.m */ = {isa = PBXFileReference; fileEncoding = 4; lastKnownFileType = sourcecode.c.objc; path = AFSecurityPolicy.m; sourceTree = "<group>"; };
		B65CDC041D24BF0C003D0AFA /* AFURLRequestSerialization.h */ = {isa = PBXFileReference; fileEncoding = 4; lastKnownFileType = sourcecode.c.h; path = AFURLRequestSerialization.h; sourceTree = "<group>"; };
		B65CDC051D24BF0C003D0AFA /* AFURLRequestSerialization.m */ = {isa = PBXFileReference; fileEncoding = 4; lastKnownFileType = sourcecode.c.objc; path = AFURLRequestSerialization.m; sourceTree = "<group>"; };
		B65CDC061D24BF0C003D0AFA /* AFURLResponseSerialization.h */ = {isa = PBXFileReference; fileEncoding = 4; lastKnownFileType = sourcecode.c.h; path = AFURLResponseSerialization.h; sourceTree = "<group>"; };
		B65CDC071D24BF0C003D0AFA /* AFURLResponseSerialization.m */ = {isa = PBXFileReference; fileEncoding = 4; lastKnownFileType = sourcecode.c.objc; path = AFURLResponseSerialization.m; sourceTree = "<group>"; };
		B65CDC081D24BF0C003D0AFA /* AFURLSessionManager.h */ = {isa = PBXFileReference; fileEncoding = 4; lastKnownFileType = sourcecode.c.h; path = AFURLSessionManager.h; sourceTree = "<group>"; };
		B65CDC091D24BF0C003D0AFA /* AFURLSessionManager.m */ = {isa = PBXFileReference; fileEncoding = 4; lastKnownFileType = sourcecode.c.objc; path = AFURLSessionManager.m; sourceTree = "<group>"; };
		B65CDC0A1D24BF0C003D0AFA /* AFNetworking.h */ = {isa = PBXFileReference; fileEncoding = 4; lastKnownFileType = sourcecode.c.h; path = AFNetworking.h; sourceTree = "<group>"; };
		B65CDC0C1D24BF0C003D0AFA /* AFAutoPurgingImageCache.h */ = {isa = PBXFileReference; fileEncoding = 4; lastKnownFileType = sourcecode.c.h; path = AFAutoPurgingImageCache.h; sourceTree = "<group>"; };
		B65CDC0D1D24BF0C003D0AFA /* AFAutoPurgingImageCache.m */ = {isa = PBXFileReference; fileEncoding = 4; lastKnownFileType = sourcecode.c.objc; path = AFAutoPurgingImageCache.m; sourceTree = "<group>"; };
		B65CDC0E1D24BF0C003D0AFA /* AFImageDownloader.h */ = {isa = PBXFileReference; fileEncoding = 4; lastKnownFileType = sourcecode.c.h; path = AFImageDownloader.h; sourceTree = "<group>"; };
		B65CDC0F1D24BF0C003D0AFA /* AFImageDownloader.m */ = {isa = PBXFileReference; fileEncoding = 4; lastKnownFileType = sourcecode.c.objc; path = AFImageDownloader.m; sourceTree = "<group>"; };
		B65CDC101D24BF0C003D0AFA /* AFNetworkActivityIndicatorManager.h */ = {isa = PBXFileReference; fileEncoding = 4; lastKnownFileType = sourcecode.c.h; path = AFNetworkActivityIndicatorManager.h; sourceTree = "<group>"; };
		B65CDC111D24BF0C003D0AFA /* AFNetworkActivityIndicatorManager.m */ = {isa = PBXFileReference; fileEncoding = 4; lastKnownFileType = sourcecode.c.objc; path = AFNetworkActivityIndicatorManager.m; sourceTree = "<group>"; };
		B65CDC121D24BF0C003D0AFA /* UIActivityIndicatorView+AFNetworking.h */ = {isa = PBXFileReference; fileEncoding = 4; lastKnownFileType = sourcecode.c.h; path = "UIActivityIndicatorView+AFNetworking.h"; sourceTree = "<group>"; };
		B65CDC131D24BF0C003D0AFA /* UIActivityIndicatorView+AFNetworking.m */ = {isa = PBXFileReference; fileEncoding = 4; lastKnownFileType = sourcecode.c.objc; path = "UIActivityIndicatorView+AFNetworking.m"; sourceTree = "<group>"; };
		B65CDC141D24BF0C003D0AFA /* UIButton+AFNetworking.h */ = {isa = PBXFileReference; fileEncoding = 4; lastKnownFileType = sourcecode.c.h; path = "UIButton+AFNetworking.h"; sourceTree = "<group>"; };
		B65CDC151D24BF0C003D0AFA /* UIButton+AFNetworking.m */ = {isa = PBXFileReference; fileEncoding = 4; lastKnownFileType = sourcecode.c.objc; path = "UIButton+AFNetworking.m"; sourceTree = "<group>"; };
		B65CDC161D24BF0C003D0AFA /* UIImage+AFNetworking.h */ = {isa = PBXFileReference; fileEncoding = 4; lastKnownFileType = sourcecode.c.h; path = "UIImage+AFNetworking.h"; sourceTree = "<group>"; };
		B65CDC171D24BF0C003D0AFA /* UIImageView+AFNetworking.h */ = {isa = PBXFileReference; fileEncoding = 4; lastKnownFileType = sourcecode.c.h; path = "UIImageView+AFNetworking.h"; sourceTree = "<group>"; };
		B65CDC181D24BF0C003D0AFA /* UIImageView+AFNetworking.m */ = {isa = PBXFileReference; fileEncoding = 4; lastKnownFileType = sourcecode.c.objc; path = "UIImageView+AFNetworking.m"; sourceTree = "<group>"; };
		B65CDC191D24BF0C003D0AFA /* UIKit+AFNetworking.h */ = {isa = PBXFileReference; fileEncoding = 4; lastKnownFileType = sourcecode.c.h; path = "UIKit+AFNetworking.h"; sourceTree = "<group>"; };
		B65CDC1A1D24BF0C003D0AFA /* UIProgressView+AFNetworking.h */ = {isa = PBXFileReference; fileEncoding = 4; lastKnownFileType = sourcecode.c.h; path = "UIProgressView+AFNetworking.h"; sourceTree = "<group>"; };
		B65CDC1B1D24BF0C003D0AFA /* UIProgressView+AFNetworking.m */ = {isa = PBXFileReference; fileEncoding = 4; lastKnownFileType = sourcecode.c.objc; path = "UIProgressView+AFNetworking.m"; sourceTree = "<group>"; };
		B65CDC1C1D24BF0C003D0AFA /* UIRefreshControl+AFNetworking.h */ = {isa = PBXFileReference; fileEncoding = 4; lastKnownFileType = sourcecode.c.h; path = "UIRefreshControl+AFNetworking.h"; sourceTree = "<group>"; };
		B65CDC1D1D24BF0C003D0AFA /* UIRefreshControl+AFNetworking.m */ = {isa = PBXFileReference; fileEncoding = 4; lastKnownFileType = sourcecode.c.objc; path = "UIRefreshControl+AFNetworking.m"; sourceTree = "<group>"; };
		B65CDC1E1D24BF0C003D0AFA /* UIWebView+AFNetworking.h */ = {isa = PBXFileReference; fileEncoding = 4; lastKnownFileType = sourcecode.c.h; path = "UIWebView+AFNetworking.h"; sourceTree = "<group>"; };
		B65CDC1F1D24BF0C003D0AFA /* UIWebView+AFNetworking.m */ = {isa = PBXFileReference; fileEncoding = 4; lastKnownFileType = sourcecode.c.objc; path = "UIWebView+AFNetworking.m"; sourceTree = "<group>"; };
		B65CDC301D24C0C8003D0AFA /* NetWorkService.h */ = {isa = PBXFileReference; fileEncoding = 4; lastKnownFileType = sourcecode.c.h; path = NetWorkService.h; sourceTree = "<group>"; };
		B65CDC311D24C0C8003D0AFA /* NetWorkService.m */ = {isa = PBXFileReference; fileEncoding = 4; lastKnownFileType = sourcecode.c.objc; path = NetWorkService.m; sourceTree = "<group>"; };
		B6C8FE441D23C52700A88622 /* NetExtWorker.app */ = {isa = PBXFileReference; explicitFileType = wrapper.application; includeInIndex = 0; path = NetExtWorker.app; sourceTree = BUILT_PRODUCTS_DIR; };
		B6C8FE481D23C52700A88622 /* main.m */ = {isa = PBXFileReference; lastKnownFileType = sourcecode.c.objc; path = main.m; sourceTree = "<group>"; };
		B6C8FE4A1D23C52700A88622 /* AppDelegate.h */ = {isa = PBXFileReference; lastKnownFileType = sourcecode.c.h; path = AppDelegate.h; sourceTree = "<group>"; };
		B6C8FE4B1D23C52700A88622 /* AppDelegate.m */ = {isa = PBXFileReference; lastKnownFileType = sourcecode.c.objc; path = AppDelegate.m; sourceTree = "<group>"; };
		B6C8FE4D1D23C52700A88622 /* ViewController.h */ = {isa = PBXFileReference; lastKnownFileType = sourcecode.c.h; path = ViewController.h; sourceTree = "<group>"; };
		B6C8FE4E1D23C52700A88622 /* ViewController.m */ = {isa = PBXFileReference; lastKnownFileType = sourcecode.c.objc; path = ViewController.m; sourceTree = "<group>"; };
		B6C8FE511D23C52700A88622 /* Base */ = {isa = PBXFileReference; lastKnownFileType = file.storyboard; name = Base; path = Base.lproj/Main.storyboard; sourceTree = "<group>"; };
		B6C8FE531D23C52700A88622 /* Assets.xcassets */ = {isa = PBXFileReference; lastKnownFileType = folder.assetcatalog; path = Assets.xcassets; sourceTree = "<group>"; };
		B6C8FE561D23C52700A88622 /* Base */ = {isa = PBXFileReference; lastKnownFileType = file.storyboard; name = Base; path = Base.lproj/LaunchScreen.storyboard; sourceTree = "<group>"; };
		B6C8FE581D23C52700A88622 /* Info.plist */ = {isa = PBXFileReference; lastKnownFileType = text.plist.xml; path = Info.plist; sourceTree = "<group>"; };
		B6C8FE5D1D23C52700A88622 /* NetExtWorkerTests.xctest */ = {isa = PBXFileReference; explicitFileType = wrapper.cfbundle; includeInIndex = 0; path = NetExtWorkerTests.xctest; sourceTree = BUILT_PRODUCTS_DIR; };
		B6C8FE611D23C52700A88622 /* NetExtWorkerTests.m */ = {isa = PBXFileReference; lastKnownFileType = sourcecode.c.objc; path = NetExtWorkerTests.m; sourceTree = "<group>"; };
		B6C8FE631D23C52700A88622 /* Info.plist */ = {isa = PBXFileReference; lastKnownFileType = text.plist.xml; path = Info.plist; sourceTree = "<group>"; };
		B6C8FE681D23C52700A88622 /* NetExtWorkerUITests.xctest */ = {isa = PBXFileReference; explicitFileType = wrapper.cfbundle; includeInIndex = 0; path = NetExtWorkerUITests.xctest; sourceTree = BUILT_PRODUCTS_DIR; };
		B6C8FE6C1D23C52700A88622 /* NetExtWorkerUITests.m */ = {isa = PBXFileReference; lastKnownFileType = sourcecode.c.objc; path = NetExtWorkerUITests.m; sourceTree = "<group>"; };
		B6C8FE6E1D23C52700A88622 /* Info.plist */ = {isa = PBXFileReference; lastKnownFileType = text.plist.xml; path = Info.plist; sourceTree = "<group>"; };
/* End PBXFileReference section */

/* Begin PBXFrameworksBuildPhase section */
		B6C8FE411D23C52700A88622 /* Frameworks */ = {
			isa = PBXFrameworksBuildPhase;
			buildActionMask = 2147483647;
			files = (
			);
			runOnlyForDeploymentPostprocessing = 0;
		};
		B6C8FE5A1D23C52700A88622 /* Frameworks */ = {
			isa = PBXFrameworksBuildPhase;
			buildActionMask = 2147483647;
			files = (
			);
			runOnlyForDeploymentPostprocessing = 0;
		};
		B6C8FE651D23C52700A88622 /* Frameworks */ = {
			isa = PBXFrameworksBuildPhase;
			buildActionMask = 2147483647;
			files = (
			);
			runOnlyForDeploymentPostprocessing = 0;
		};
/* End PBXFrameworksBuildPhase section */

/* Begin PBXGroup section */
		B65CDBE81D24BD44003D0AFA /* ThirdParties */ = {
			isa = PBXGroup;
			children = (
				B65CDBFB1D24BF0C003D0AFA /* AFNetworking */,
				B65CDBE91D24BD44003D0AFA /* CocoaAsyncSocket */,
			);
			path = ThirdParties;
			sourceTree = "<group>";
		};
		B65CDBE91D24BD44003D0AFA /* CocoaAsyncSocket */ = {
			isa = PBXGroup;
			children = (
				B65CDBEA1D24BD44003D0AFA /* CocoaAsyncSocket.h */,
				B65CDBEB1D24BD44003D0AFA /* GCD */,
				B65CDBF01D24BD44003D0AFA /* RunLoop */,
			);
			path = CocoaAsyncSocket;
			sourceTree = "<group>";
		};
		B65CDBEB1D24BD44003D0AFA /* GCD */ = {
			isa = PBXGroup;
			children = (
				B65CDBEC1D24BD44003D0AFA /* GCDAsyncSocket.h */,
				B65CDBED1D24BD44003D0AFA /* GCDAsyncSocket.m */,
				B65CDBEE1D24BD44003D0AFA /* GCDAsyncUdpSocket.h */,
				B65CDBEF1D24BD44003D0AFA /* GCDAsyncUdpSocket.m */,
			);
			path = GCD;
			sourceTree = "<group>";
		};
		B65CDBF01D24BD44003D0AFA /* RunLoop */ = {
			isa = PBXGroup;
			children = (
				B65CDBF11D24BD44003D0AFA /* AsyncSocket.h */,
				B65CDBF21D24BD44003D0AFA /* AsyncSocket.m */,
				B65CDBF31D24BD44003D0AFA /* AsyncUdpSocket.h */,
				B65CDBF41D24BD44003D0AFA /* AsyncUdpSocket.m */,
				B65CDBF51D24BD44003D0AFA /* Documentation.html */,
			);
			path = RunLoop;
			sourceTree = "<group>";
		};
		B65CDBFB1D24BF0C003D0AFA /* AFNetworking */ = {
			isa = PBXGroup;
			children = (
				B65CDBFC1D24BF0C003D0AFA /* AFNetworking */,
				B65CDC0A1D24BF0C003D0AFA /* AFNetworking.h */,
				B65CDC0B1D24BF0C003D0AFA /* UIKit+AFNetworking */,
			);
			path = AFNetworking;
			sourceTree = "<group>";
		};
		B65CDBFC1D24BF0C003D0AFA /* AFNetworking */ = {
			isa = PBXGroup;
			children = (
				B65CDBFD1D24BF0C003D0AFA /* AFHTTPSessionManager.h */,
				B65CDBFE1D24BF0C003D0AFA /* AFHTTPSessionManager.m */,
				B65CDBFF1D24BF0C003D0AFA /* AFNetworking.h */,
				B65CDC001D24BF0C003D0AFA /* AFNetworkReachabilityManager.h */,
				B65CDC011D24BF0C003D0AFA /* AFNetworkReachabilityManager.m */,
				B65CDC021D24BF0C003D0AFA /* AFSecurityPolicy.h */,
				B65CDC031D24BF0C003D0AFA /* AFSecurityPolicy.m */,
				B65CDC041D24BF0C003D0AFA /* AFURLRequestSerialization.h */,
				B65CDC051D24BF0C003D0AFA /* AFURLRequestSerialization.m */,
				B65CDC061D24BF0C003D0AFA /* AFURLResponseSerialization.h */,
				B65CDC071D24BF0C003D0AFA /* AFURLResponseSerialization.m */,
				B65CDC081D24BF0C003D0AFA /* AFURLSessionManager.h */,
				B65CDC091D24BF0C003D0AFA /* AFURLSessionManager.m */,
			);
			path = AFNetworking;
			sourceTree = "<group>";
		};
		B65CDC0B1D24BF0C003D0AFA /* UIKit+AFNetworking */ = {
			isa = PBXGroup;
			children = (
				B65CDC0C1D24BF0C003D0AFA /* AFAutoPurgingImageCache.h */,
				B65CDC0D1D24BF0C003D0AFA /* AFAutoPurgingImageCache.m */,
				B65CDC0E1D24BF0C003D0AFA /* AFImageDownloader.h */,
				B65CDC0F1D24BF0C003D0AFA /* AFImageDownloader.m */,
				B65CDC101D24BF0C003D0AFA /* AFNetworkActivityIndicatorManager.h */,
				B65CDC111D24BF0C003D0AFA /* AFNetworkActivityIndicatorManager.m */,
				B65CDC121D24BF0C003D0AFA /* UIActivityIndicatorView+AFNetworking.h */,
				B65CDC131D24BF0C003D0AFA /* UIActivityIndicatorView+AFNetworking.m */,
				B65CDC141D24BF0C003D0AFA /* UIButton+AFNetworking.h */,
				B65CDC151D24BF0C003D0AFA /* UIButton+AFNetworking.m */,
				B65CDC161D24BF0C003D0AFA /* UIImage+AFNetworking.h */,
				B65CDC171D24BF0C003D0AFA /* UIImageView+AFNetworking.h */,
				B65CDC181D24BF0C003D0AFA /* UIImageView+AFNetworking.m */,
				B65CDC191D24BF0C003D0AFA /* UIKit+AFNetworking.h */,
				B65CDC1A1D24BF0C003D0AFA /* UIProgressView+AFNetworking.h */,
				B65CDC1B1D24BF0C003D0AFA /* UIProgressView+AFNetworking.m */,
				B65CDC1C1D24BF0C003D0AFA /* UIRefreshControl+AFNetworking.h */,
				B65CDC1D1D24BF0C003D0AFA /* UIRefreshControl+AFNetworking.m */,
				B65CDC1E1D24BF0C003D0AFA /* UIWebView+AFNetworking.h */,
				B65CDC1F1D24BF0C003D0AFA /* UIWebView+AFNetworking.m */,
			);
			path = "UIKit+AFNetworking";
			sourceTree = "<group>";
		};
		B65CDC2F1D24C0AA003D0AFA /* Service */ = {
			isa = PBXGroup;
			children = (
				B65CDC301D24C0C8003D0AFA /* NetWorkService.h */,
				B65CDC311D24C0C8003D0AFA /* NetWorkService.m */,
			);
			path = Service;
			sourceTree = "<group>";
		};
		B6C8FE3B1D23C52700A88622 = {
			isa = PBXGroup;
			children = (
				B6C8FE461D23C52700A88622 /* NetExtWorker */,
				B6C8FE601D23C52700A88622 /* NetExtWorkerTests */,
				B6C8FE6B1D23C52700A88622 /* NetExtWorkerUITests */,
				B6C8FE451D23C52700A88622 /* Products */,
			);
			sourceTree = "<group>";
		};
		B6C8FE451D23C52700A88622 /* Products */ = {
			isa = PBXGroup;
			children = (
				B6C8FE441D23C52700A88622 /* NetExtWorker.app */,
				B6C8FE5D1D23C52700A88622 /* NetExtWorkerTests.xctest */,
				B6C8FE681D23C52700A88622 /* NetExtWorkerUITests.xctest */,
			);
			name = Products;
			sourceTree = "<group>";
		};
		B6C8FE461D23C52700A88622 /* NetExtWorker */ = {
			isa = PBXGroup;
			children = (
				B65CDBE81D24BD44003D0AFA /* ThirdParties */,
				B65CDC2F1D24C0AA003D0AFA /* Service */,
				B6C8FE4A1D23C52700A88622 /* AppDelegate.h */,
				B6C8FE4B1D23C52700A88622 /* AppDelegate.m */,
				B6C8FE4D1D23C52700A88622 /* ViewController.h */,
				B6C8FE4E1D23C52700A88622 /* ViewController.m */,
				B6C8FE501D23C52700A88622 /* Main.storyboard */,
				B6C8FE531D23C52700A88622 /* Assets.xcassets */,
				B6C8FE551D23C52700A88622 /* LaunchScreen.storyboard */,
				B6C8FE581D23C52700A88622 /* Info.plist */,
				B6C8FE471D23C52700A88622 /* Supporting Files */,
			);
			path = NetExtWorker;
			sourceTree = "<group>";
		};
		B6C8FE471D23C52700A88622 /* Supporting Files */ = {
			isa = PBXGroup;
			children = (
				B6C8FE481D23C52700A88622 /* main.m */,
			);
			name = "Supporting Files";
			sourceTree = "<group>";
		};
		B6C8FE601D23C52700A88622 /* NetExtWorkerTests */ = {
			isa = PBXGroup;
			children = (
				B6C8FE611D23C52700A88622 /* NetExtWorkerTests.m */,
				B6C8FE631D23C52700A88622 /* Info.plist */,
			);
			path = NetExtWorkerTests;
			sourceTree = "<group>";
		};
		B6C8FE6B1D23C52700A88622 /* NetExtWorkerUITests */ = {
			isa = PBXGroup;
			children = (
				B6C8FE6C1D23C52700A88622 /* NetExtWorkerUITests.m */,
				B6C8FE6E1D23C52700A88622 /* Info.plist */,
			);
			path = NetExtWorkerUITests;
			sourceTree = "<group>";
		};
/* End PBXGroup section */

/* Begin PBXNativeTarget section */
		B6C8FE431D23C52700A88622 /* NetExtWorker */ = {
			isa = PBXNativeTarget;
			buildConfigurationList = B6C8FE711D23C52700A88622 /* Build configuration list for PBXNativeTarget "NetExtWorker" */;
			buildPhases = (
				B6C8FE401D23C52700A88622 /* Sources */,
				B6C8FE411D23C52700A88622 /* Frameworks */,
				B6C8FE421D23C52700A88622 /* Resources */,
			);
			buildRules = (
			);
			dependencies = (
			);
			name = NetExtWorker;
			productName = NetExtWorker;
			productReference = B6C8FE441D23C52700A88622 /* NetExtWorker.app */;
			productType = "com.apple.product-type.application";
		};
		B6C8FE5C1D23C52700A88622 /* NetExtWorkerTests */ = {
			isa = PBXNativeTarget;
			buildConfigurationList = B6C8FE741D23C52700A88622 /* Build configuration list for PBXNativeTarget "NetExtWorkerTests" */;
			buildPhases = (
				B6C8FE591D23C52700A88622 /* Sources */,
				B6C8FE5A1D23C52700A88622 /* Frameworks */,
				B6C8FE5B1D23C52700A88622 /* Resources */,
			);
			buildRules = (
			);
			dependencies = (
				B6C8FE5F1D23C52700A88622 /* PBXTargetDependency */,
			);
			name = NetExtWorkerTests;
			productName = NetExtWorkerTests;
			productReference = B6C8FE5D1D23C52700A88622 /* NetExtWorkerTests.xctest */;
			productType = "com.apple.product-type.bundle.unit-test";
		};
		B6C8FE671D23C52700A88622 /* NetExtWorkerUITests */ = {
			isa = PBXNativeTarget;
			buildConfigurationList = B6C8FE771D23C52700A88622 /* Build configuration list for PBXNativeTarget "NetExtWorkerUITests" */;
			buildPhases = (
				B6C8FE641D23C52700A88622 /* Sources */,
				B6C8FE651D23C52700A88622 /* Frameworks */,
				B6C8FE661D23C52700A88622 /* Resources */,
			);
			buildRules = (
			);
			dependencies = (
				B6C8FE6A1D23C52700A88622 /* PBXTargetDependency */,
			);
			name = NetExtWorkerUITests;
			productName = NetExtWorkerUITests;
			productReference = B6C8FE681D23C52700A88622 /* NetExtWorkerUITests.xctest */;
			productType = "com.apple.product-type.bundle.ui-testing";
		};
/* End PBXNativeTarget section */

/* Begin PBXProject section */
		B6C8FE3C1D23C52700A88622 /* Project object */ = {
			isa = PBXProject;
			attributes = {
				LastUpgradeCheck = 0730;
				ORGANIZATIONNAME = "App Annie";
				TargetAttributes = {
					B6C8FE431D23C52700A88622 = {
						CreatedOnToolsVersion = 7.3.1;
						DevelopmentTeam = HSX93Q5QCS;
					};
					B6C8FE5C1D23C52700A88622 = {
						CreatedOnToolsVersion = 7.3.1;
						TestTargetID = B6C8FE431D23C52700A88622;
					};
					B6C8FE671D23C52700A88622 = {
						CreatedOnToolsVersion = 7.3.1;
						TestTargetID = B6C8FE431D23C52700A88622;
					};
				};
			};
			buildConfigurationList = B6C8FE3F1D23C52700A88622 /* Build configuration list for PBXProject "NetExtWorker" */;
			compatibilityVersion = "Xcode 3.2";
			developmentRegion = English;
			hasScannedForEncodings = 0;
			knownRegions = (
				en,
				Base,
			);
			mainGroup = B6C8FE3B1D23C52700A88622;
			productRefGroup = B6C8FE451D23C52700A88622 /* Products */;
			projectDirPath = "";
			projectRoot = "";
			targets = (
				B6C8FE431D23C52700A88622 /* NetExtWorker */,
				B6C8FE5C1D23C52700A88622 /* NetExtWorkerTests */,
				B6C8FE671D23C52700A88622 /* NetExtWorkerUITests */,
			);
		};
/* End PBXProject section */

/* Begin PBXResourcesBuildPhase section */
		B6C8FE421D23C52700A88622 /* Resources */ = {
			isa = PBXResourcesBuildPhase;
			buildActionMask = 2147483647;
			files = (
				B6C8FE571D23C52700A88622 /* LaunchScreen.storyboard in Resources */,
				B6C8FE541D23C52700A88622 /* Assets.xcassets in Resources */,
				B6C8FE521D23C52700A88622 /* Main.storyboard in Resources */,
				B65CDBFA1D24BD44003D0AFA /* Documentation.html in Resources */,
			);
			runOnlyForDeploymentPostprocessing = 0;
		};
		B6C8FE5B1D23C52700A88622 /* Resources */ = {
			isa = PBXResourcesBuildPhase;
			buildActionMask = 2147483647;
			files = (
			);
			runOnlyForDeploymentPostprocessing = 0;
		};
		B6C8FE661D23C52700A88622 /* Resources */ = {
			isa = PBXResourcesBuildPhase;
			buildActionMask = 2147483647;
			files = (
			);
			runOnlyForDeploymentPostprocessing = 0;
		};
/* End PBXResourcesBuildPhase section */

/* Begin PBXSourcesBuildPhase section */
		B6C8FE401D23C52700A88622 /* Sources */ = {
			isa = PBXSourcesBuildPhase;
			buildActionMask = 2147483647;
			files = (
				B65CDBF61D24BD44003D0AFA /* GCDAsyncSocket.m in Sources */,
				B65CDC211D24BF0C003D0AFA /* AFNetworkReachabilityManager.m in Sources */,
				B65CDC2A1D24BF0C003D0AFA /* UIButton+AFNetworking.m in Sources */,
				B65CDC271D24BF0C003D0AFA /* AFImageDownloader.m in Sources */,
				B65CDC2C1D24BF0C003D0AFA /* UIProgressView+AFNetworking.m in Sources */,
				B65CDBF71D24BD44003D0AFA /* GCDAsyncUdpSocket.m in Sources */,
				B65CDC281D24BF0C003D0AFA /* AFNetworkActivityIndicatorManager.m in Sources */,
				B6C8FE4F1D23C52700A88622 /* ViewController.m in Sources */,
				B65CDC2D1D24BF0C003D0AFA /* UIRefreshControl+AFNetworking.m in Sources */,
				B65CDBF81D24BD44003D0AFA /* AsyncSocket.m in Sources */,
				B65CDC261D24BF0C003D0AFA /* AFAutoPurgingImageCache.m in Sources */,
				B65CDC2B1D24BF0C003D0AFA /* UIImageView+AFNetworking.m in Sources */,
				B65CDC321D24C0C8003D0AFA /* NetWorkService.m in Sources */,
				B6C8FE4C1D23C52700A88622 /* AppDelegate.m in Sources */,
				B65CDC221D24BF0C003D0AFA /* AFSecurityPolicy.m in Sources */,
				B65CDC231D24BF0C003D0AFA /* AFURLRequestSerialization.m in Sources */,
				B6C8FE491D23C52700A88622 /* main.m in Sources */,
				B65CDC2E1D24BF0C003D0AFA /* UIWebView+AFNetworking.m in Sources */,
				B65CDC291D24BF0C003D0AFA /* UIActivityIndicatorView+AFNetworking.m in Sources */,
				B65CDBF91D24BD44003D0AFA /* AsyncUdpSocket.m in Sources */,
				B65CDC241D24BF0C003D0AFA /* AFURLResponseSerialization.m in Sources */,
				B65CDC251D24BF0C003D0AFA /* AFURLSessionManager.m in Sources */,
				B65CDC201D24BF0C003D0AFA /* AFHTTPSessionManager.m in Sources */,
			);
			runOnlyForDeploymentPostprocessing = 0;
		};
		B6C8FE591D23C52700A88622 /* Sources */ = {
			isa = PBXSourcesBuildPhase;
			buildActionMask = 2147483647;
			files = (
				B6C8FE621D23C52700A88622 /* NetExtWorkerTests.m in Sources */,
			);
			runOnlyForDeploymentPostprocessing = 0;
		};
		B6C8FE641D23C52700A88622 /* Sources */ = {
			isa = PBXSourcesBuildPhase;
			buildActionMask = 2147483647;
			files = (
				B6C8FE6D1D23C52700A88622 /* NetExtWorkerUITests.m in Sources */,
			);
			runOnlyForDeploymentPostprocessing = 0;
		};
/* End PBXSourcesBuildPhase section */

/* Begin PBXTargetDependency section */
		B6C8FE5F1D23C52700A88622 /* PBXTargetDependency */ = {
			isa = PBXTargetDependency;
			target = B6C8FE431D23C52700A88622 /* NetExtWorker */;
			targetProxy = B6C8FE5E1D23C52700A88622 /* PBXContainerItemProxy */;
		};
		B6C8FE6A1D23C52700A88622 /* PBXTargetDependency */ = {
			isa = PBXTargetDependency;
			target = B6C8FE431D23C52700A88622 /* NetExtWorker */;
			targetProxy = B6C8FE691D23C52700A88622 /* PBXContainerItemProxy */;
		};
/* End PBXTargetDependency section */

/* Begin PBXVariantGroup section */
		B6C8FE501D23C52700A88622 /* Main.storyboard */ = {
			isa = PBXVariantGroup;
			children = (
				B6C8FE511D23C52700A88622 /* Base */,
			);
			name = Main.storyboard;
			sourceTree = "<group>";
		};
		B6C8FE551D23C52700A88622 /* LaunchScreen.storyboard */ = {
			isa = PBXVariantGroup;
			children = (
				B6C8FE561D23C52700A88622 /* Base */,
			);
			name = LaunchScreen.storyboard;
			sourceTree = "<group>";
		};
/* End PBXVariantGroup section */

/* Begin XCBuildConfiguration section */
		B6C8FE6F1D23C52700A88622 /* Debug */ = {
			isa = XCBuildConfiguration;
			buildSettings = {
				ALWAYS_SEARCH_USER_PATHS = NO;
				CLANG_ANALYZER_NONNULL = YES;
				CLANG_CXX_LANGUAGE_STANDARD = "gnu++0x";
				CLANG_CXX_LIBRARY = "libc++";
				CLANG_ENABLE_MODULES = YES;
				CLANG_ENABLE_OBJC_ARC = YES;
				CLANG_WARN_BOOL_CONVERSION = YES;
				CLANG_WARN_CONSTANT_CONVERSION = YES;
				CLANG_WARN_DIRECT_OBJC_ISA_USAGE = YES_ERROR;
				CLANG_WARN_EMPTY_BODY = YES;
				CLANG_WARN_ENUM_CONVERSION = YES;
				CLANG_WARN_INT_CONVERSION = YES;
				CLANG_WARN_OBJC_ROOT_CLASS = YES_ERROR;
				CLANG_WARN_UNREACHABLE_CODE = YES;
				CLANG_WARN__DUPLICATE_METHOD_MATCH = YES;
				"CODE_SIGN_IDENTITY[sdk=iphoneos*]" = "iPhone Developer";
				COPY_PHASE_STRIP = NO;
				DEBUG_INFORMATION_FORMAT = dwarf;
				ENABLE_STRICT_OBJC_MSGSEND = YES;
				ENABLE_TESTABILITY = YES;
				GCC_C_LANGUAGE_STANDARD = gnu99;
				GCC_DYNAMIC_NO_PIC = NO;
				GCC_NO_COMMON_BLOCKS = YES;
				GCC_OPTIMIZATION_LEVEL = 0;
				GCC_PREPROCESSOR_DEFINITIONS = (
					"DEBUG=1",
					"$(inherited)",
				);
				GCC_WARN_64_TO_32_BIT_CONVERSION = YES;
				GCC_WARN_ABOUT_RETURN_TYPE = YES_ERROR;
				GCC_WARN_UNDECLARED_SELECTOR = YES;
				GCC_WARN_UNINITIALIZED_AUTOS = YES_AGGRESSIVE;
				GCC_WARN_UNUSED_FUNCTION = YES;
				GCC_WARN_UNUSED_VARIABLE = YES;
				IPHONEOS_DEPLOYMENT_TARGET = 9.3;
				MTL_ENABLE_DEBUG_INFO = YES;
				ONLY_ACTIVE_ARCH = YES;
				SDKROOT = iphoneos;
			};
			name = Debug;
		};
		B6C8FE701D23C52700A88622 /* Release */ = {
			isa = XCBuildConfiguration;
			buildSettings = {
				ALWAYS_SEARCH_USER_PATHS = NO;
				CLANG_ANALYZER_NONNULL = YES;
				CLANG_CXX_LANGUAGE_STANDARD = "gnu++0x";
				CLANG_CXX_LIBRARY = "libc++";
				CLANG_ENABLE_MODULES = YES;
				CLANG_ENABLE_OBJC_ARC = YES;
				CLANG_WARN_BOOL_CONVERSION = YES;
				CLANG_WARN_CONSTANT_CONVERSION = YES;
				CLANG_WARN_DIRECT_OBJC_ISA_USAGE = YES_ERROR;
				CLANG_WARN_EMPTY_BODY = YES;
				CLANG_WARN_ENUM_CONVERSION = YES;
				CLANG_WARN_INT_CONVERSION = YES;
				CLANG_WARN_OBJC_ROOT_CLASS = YES_ERROR;
				CLANG_WARN_UNREACHABLE_CODE = YES;
				CLANG_WARN__DUPLICATE_METHOD_MATCH = YES;
				"CODE_SIGN_IDENTITY[sdk=iphoneos*]" = "iPhone Developer";
				COPY_PHASE_STRIP = NO;
				DEBUG_INFORMATION_FORMAT = "dwarf-with-dsym";
				ENABLE_NS_ASSERTIONS = NO;
				ENABLE_STRICT_OBJC_MSGSEND = YES;
				GCC_C_LANGUAGE_STANDARD = gnu99;
				GCC_NO_COMMON_BLOCKS = YES;
				GCC_WARN_64_TO_32_BIT_CONVERSION = YES;
				GCC_WARN_ABOUT_RETURN_TYPE = YES_ERROR;
				GCC_WARN_UNDECLARED_SELECTOR = YES;
				GCC_WARN_UNINITIALIZED_AUTOS = YES_AGGRESSIVE;
				GCC_WARN_UNUSED_FUNCTION = YES;
				GCC_WARN_UNUSED_VARIABLE = YES;
				IPHONEOS_DEPLOYMENT_TARGET = 9.3;
				MTL_ENABLE_DEBUG_INFO = NO;
				SDKROOT = iphoneos;
				VALIDATE_PRODUCT = YES;
			};
			name = Release;
		};
		B6C8FE721D23C52700A88622 /* Debug */ = {
			isa = XCBuildConfiguration;
			buildSettings = {
				ASSETCATALOG_COMPILER_APPICON_NAME = AppIcon;
				CODE_SIGN_IDENTITY = "iPhone Developer";
				"CODE_SIGN_IDENTITY[sdk=iphoneos*]" = "iPhone Developer";
				INFOPLIST_FILE = NetExtWorker/Info.plist;
				IPHONEOS_DEPLOYMENT_TARGET = 8.0;
				LD_RUNPATH_SEARCH_PATHS = "$(inherited) @executable_path/Frameworks";
				PRODUCT_BUNDLE_IDENTIFIER = com.appannie.internal.mktint.netextworker.NetExtWorker;
				PRODUCT_NAME = "$(TARGET_NAME)";
				PROVISIONING_PROFILE = "";
				TARGETED_DEVICE_FAMILY = "1,2";
			};
			name = Debug;
		};
		B6C8FE731D23C52700A88622 /* Release */ = {
			isa = XCBuildConfiguration;
			buildSettings = {
				ASSETCATALOG_COMPILER_APPICON_NAME = AppIcon;
				CODE_SIGN_IDENTITY = "iPhone Developer";
				"CODE_SIGN_IDENTITY[sdk=iphoneos*]" = "iPhone Developer";
				INFOPLIST_FILE = NetExtWorker/Info.plist;
				IPHONEOS_DEPLOYMENT_TARGET = 8.0;
				LD_RUNPATH_SEARCH_PATHS = "$(inherited) @executable_path/Frameworks";
				PRODUCT_BUNDLE_IDENTIFIER = com.appannie.internal.mktint.netextworker.NetExtWorker;
				PRODUCT_NAME = "$(TARGET_NAME)";
				PROVISIONING_PROFILE = "";
				TARGETED_DEVICE_FAMILY = "1,2";
			};
			name = Release;
		};
		B6C8FE751D23C52700A88622 /* Debug */ = {
			isa = XCBuildConfiguration;
			buildSettings = {
				BUNDLE_LOADER = "$(TEST_HOST)";
				INFOPLIST_FILE = NetExtWorkerTests/Info.plist;
				LD_RUNPATH_SEARCH_PATHS = "$(inherited) @executable_path/Frameworks @loader_path/Frameworks";
				PRODUCT_BUNDLE_IDENTIFIER = com.appannie.internal.mktint.netextworker.NetExtWorkerTests;
				PRODUCT_NAME = "$(TARGET_NAME)";
				TEST_HOST = "$(BUILT_PRODUCTS_DIR)/NetExtWorker.app/NetExtWorker";
			};
			name = Debug;
		};
		B6C8FE761D23C52700A88622 /* Release */ = {
			isa = XCBuildConfiguration;
			buildSettings = {
				BUNDLE_LOADER = "$(TEST_HOST)";
				INFOPLIST_FILE = NetExtWorkerTests/Info.plist;
				LD_RUNPATH_SEARCH_PATHS = "$(inherited) @executable_path/Frameworks @loader_path/Frameworks";
				PRODUCT_BUNDLE_IDENTIFIER = com.appannie.internal.mktint.netextworker.NetExtWorkerTests;
				PRODUCT_NAME = "$(TARGET_NAME)";
				TEST_HOST = "$(BUILT_PRODUCTS_DIR)/NetExtWorker.app/NetExtWorker";
			};
			name = Release;
		};
		B6C8FE781D23C52700A88622 /* Debug */ = {
			isa = XCBuildConfiguration;
			buildSettings = {
				INFOPLIST_FILE = NetExtWorkerUITests/Info.plist;
				LD_RUNPATH_SEARCH_PATHS = "$(inherited) @executable_path/Frameworks @loader_path/Frameworks";
				PRODUCT_BUNDLE_IDENTIFIER = com.appannie.internal.mktint.netextworker.NetExtWorkerUITests;
				PRODUCT_NAME = "$(TARGET_NAME)";
				TEST_TARGET_NAME = NetExtWorker;
			};
			name = Debug;
		};
		B6C8FE791D23C52700A88622 /* Release */ = {
			isa = XCBuildConfiguration;
			buildSettings = {
				INFOPLIST_FILE = NetExtWorkerUITests/Info.plist;
				LD_RUNPATH_SEARCH_PATHS = "$(inherited) @executable_path/Frameworks @loader_path/Frameworks";
				PRODUCT_BUNDLE_IDENTIFIER = com.appannie.internal.mktint.netextworker.NetExtWorkerUITests;
				PRODUCT_NAME = "$(TARGET_NAME)";
				TEST_TARGET_NAME = NetExtWorker;
			};
			name = Release;
		};
/* End XCBuildConfiguration section */

/* Begin XCConfigurationList section */
		B6C8FE3F1D23C52700A88622 /* Build configuration list for PBXProject "NetExtWorker" */ = {
			isa = XCConfigurationList;
			buildConfigurations = (
				B6C8FE6F1D23C52700A88622 /* Debug */,
				B6C8FE701D23C52700A88622 /* Release */,
			);
			defaultConfigurationIsVisible = 0;
			defaultConfigurationName = Release;
		};
		B6C8FE711D23C52700A88622 /* Build configuration list for PBXNativeTarget "NetExtWorker" */ = {
			isa = XCConfigurationList;
			buildConfigurations = (
				B6C8FE721D23C52700A88622 /* Debug */,
				B6C8FE731D23C52700A88622 /* Release */,
			);
			defaultConfigurationIsVisible = 0;
			defaultConfigurationName = Release;
		};
		B6C8FE741D23C52700A88622 /* Build configuration list for PBXNativeTarget "NetExtWorkerTests" */ = {
			isa = XCConfigurationList;
			buildConfigurations = (
				B6C8FE751D23C52700A88622 /* Debug */,
				B6C8FE761D23C52700A88622 /* Release */,
			);
			defaultConfigurationIsVisible = 0;
			defaultConfigurationName = Release;
		};
		B6C8FE771D23C52700A88622 /* Build configuration list for PBXNativeTarget "NetExtWorkerUITests" */ = {
			isa = XCConfigurationList;
			buildConfigurations = (
				B6C8FE781D23C52700A88622 /* Debug */,
				B6C8FE791D23C52700A88622 /* Release */,
			);
			defaultConfigurationIsVisible = 0;
			defaultConfigurationName = Release;
		};
/* End XCConfigurationList section */
	};
	rootObject = B6C8FE3C1D23C52700A88622 /* Project object */;
}
